// !$*UTF8*$!
{
	archiveVersion = 1;
	classes = {
	};
	objectVersion = 55;
	objects = {

/* Begin PBXBuildFile section */
		01407DE9F2E39D97E53F4CBB /* Pods_CoreTests.framework in Frameworks */ = {isa = PBXBuildFile; fileRef = 3B4CBB39EF3D596713425654 /* Pods_CoreTests.framework */; };
		3990CF81F97672BA93D874F5 /* Pods_App_Core.framework in Frameworks */ = {isa = PBXBuildFile; fileRef = 0BA56FCAFACBF4989FAEB0B7 /* Pods_App_Core.framework */; };
		634CDFAB27A1259F00225F06 /* CoreSample.swift in Sources */ = {isa = PBXBuildFile; fileRef = 634CDFAA27A1259F00225F06 /* CoreSample.swift */; };
		637DA3C7279B64A9007BBB72 /* Core.docc in Sources */ = {isa = PBXBuildFile; fileRef = 637DA3C6279B64A9007BBB72 /* Core.docc */; };
		637DA3CD279B64AA007BBB72 /* Core.framework in Frameworks */ = {isa = PBXBuildFile; fileRef = 637DA3C2279B64A9007BBB72 /* Core.framework */; };
		637DA3D2279B64AA007BBB72 /* CoreTests.swift in Sources */ = {isa = PBXBuildFile; fileRef = 637DA3D1279B64AA007BBB72 /* CoreTests.swift */; };
		637DA3D3279B64AA007BBB72 /* Core.h in Headers */ = {isa = PBXBuildFile; fileRef = 637DA3C5279B64A9007BBB72 /* Core.h */; settings = {ATTRIBUTES = (Public, ); }; };
		637DA421279B6842007BBB72 /* Mock.generated.swift in Sources */ = {isa = PBXBuildFile; fileRef = 637DA420279B6842007BBB72 /* Mock.generated.swift */; };
		637DA429279B6904007BBB72 /* NSObjectExtensions.swift in Sources */ = {isa = PBXBuildFile; fileRef = 637DA428279B6904007BBB72 /* NSObjectExtensions.swift */; };
		63A6E4DF27A4052200992B2C /* AutoMockable.swift in Sources */ = {isa = PBXBuildFile; fileRef = 63A6E4DE27A4052200992B2C /* AutoMockable.swift */; };
		63A6E4E727A5C2C900992B2C /* EncodableExtensions.swift in Sources */ = {isa = PBXBuildFile; fileRef = 63A6E4E627A5C2C900992B2C /* EncodableExtensions.swift */; };
		63A6E53D27A81A5700992B2C /* XCTest.framework in Frameworks */ = {isa = PBXBuildFile; fileRef = 63A6E53C27A81A5700992B2C /* XCTest.framework */; };
/* End PBXBuildFile section */

/* Begin PBXContainerItemProxy section */
		637DA3CE279B64AA007BBB72 /* PBXContainerItemProxy */ = {
			isa = PBXContainerItemProxy;
			containerPortal = 637DA3B9279B64A9007BBB72 /* Project object */;
			proxyType = 1;
			remoteGlobalIDString = 637DA3C1279B64A9007BBB72;
			remoteInfo = Core;
		};
/* End PBXContainerItemProxy section */

/* Begin PBXFileReference section */
		0BA56FCAFACBF4989FAEB0B7 /* Pods_App_Core.framework */ = {isa = PBXFileReference; explicitFileType = wrapper.framework; includeInIndex = 0; path = Pods_App_Core.framework; sourceTree = BUILT_PRODUCTS_DIR; };
		121B4BEE2D8A167A967252E2 /* Pods-CoreTests.debug.xcconfig */ = {isa = PBXFileReference; includeInIndex = 1; lastKnownFileType = text.xcconfig; name = "Pods-CoreTests.debug.xcconfig"; path = "Target Support Files/Pods-CoreTests/Pods-CoreTests.debug.xcconfig"; sourceTree = "<group>"; };
		34200444240CEFA18E571D4A /* Pods-CoreTests.release.xcconfig */ = {isa = PBXFileReference; includeInIndex = 1; lastKnownFileType = text.xcconfig; name = "Pods-CoreTests.release.xcconfig"; path = "Target Support Files/Pods-CoreTests/Pods-CoreTests.release.xcconfig"; sourceTree = "<group>"; };
		3B4CBB39EF3D596713425654 /* Pods_CoreTests.framework */ = {isa = PBXFileReference; explicitFileType = wrapper.framework; includeInIndex = 0; path = Pods_CoreTests.framework; sourceTree = BUILT_PRODUCTS_DIR; };
		634CDFAA27A1259F00225F06 /* CoreSample.swift */ = {isa = PBXFileReference; lastKnownFileType = sourcecode.swift; path = CoreSample.swift; sourceTree = "<group>"; };
		637DA3C2279B64A9007BBB72 /* Core.framework */ = {isa = PBXFileReference; explicitFileType = wrapper.framework; includeInIndex = 0; path = Core.framework; sourceTree = BUILT_PRODUCTS_DIR; };
		637DA3C5279B64A9007BBB72 /* Core.h */ = {isa = PBXFileReference; lastKnownFileType = sourcecode.c.h; path = Core.h; sourceTree = "<group>"; };
		637DA3C6279B64A9007BBB72 /* Core.docc */ = {isa = PBXFileReference; lastKnownFileType = folder.documentationcatalog; path = Core.docc; sourceTree = "<group>"; };
		637DA3CC279B64AA007BBB72 /* CoreTests.xctest */ = {isa = PBXFileReference; explicitFileType = wrapper.cfbundle; includeInIndex = 0; path = CoreTests.xctest; sourceTree = BUILT_PRODUCTS_DIR; };
		637DA3D1279B64AA007BBB72 /* CoreTests.swift */ = {isa = PBXFileReference; lastKnownFileType = sourcecode.swift; path = CoreTests.swift; sourceTree = "<group>"; };
		637DA420279B6842007BBB72 /* Mock.generated.swift */ = {isa = PBXFileReference; fileEncoding = 4; lastKnownFileType = sourcecode.swift; path = Mock.generated.swift; sourceTree = "<group>"; };
		637DA428279B6904007BBB72 /* NSObjectExtensions.swift */ = {isa = PBXFileReference; fileEncoding = 4; lastKnownFileType = sourcecode.swift; path = NSObjectExtensions.swift; sourceTree = "<group>"; };
		63A6E4DE27A4052200992B2C /* AutoMockable.swift */ = {isa = PBXFileReference; lastKnownFileType = sourcecode.swift; path = AutoMockable.swift; sourceTree = "<group>"; };
		63A6E4E627A5C2C900992B2C /* EncodableExtensions.swift */ = {isa = PBXFileReference; lastKnownFileType = sourcecode.swift; path = EncodableExtensions.swift; sourceTree = "<group>"; };
		63A6E53C27A81A5700992B2C /* XCTest.framework */ = {isa = PBXFileReference; lastKnownFileType = wrapper.framework; name = XCTest.framework; path = Platforms/iPhoneOS.platform/Developer/Library/Frameworks/XCTest.framework; sourceTree = DEVELOPER_DIR; };
		B67EC8820905A03E95A01AB9 /* Pods-App-Core.debug.xcconfig */ = {isa = PBXFileReference; includeInIndex = 1; lastKnownFileType = text.xcconfig; name = "Pods-App-Core.debug.xcconfig"; path = "Target Support Files/Pods-App-Core/Pods-App-Core.debug.xcconfig"; sourceTree = "<group>"; };
		C688949DEB58BEB4A949E17B /* Pods-App-Core.release.xcconfig */ = {isa = PBXFileReference; includeInIndex = 1; lastKnownFileType = text.xcconfig; name = "Pods-App-Core.release.xcconfig"; path = "Target Support Files/Pods-App-Core/Pods-App-Core.release.xcconfig"; sourceTree = "<group>"; };
/* End PBXFileReference section */

/* Begin PBXFrameworksBuildPhase section */
		637DA3BF279B64A9007BBB72 /* Frameworks */ = {
			isa = PBXFrameworksBuildPhase;
			buildActionMask = 2147483647;
			files = (
				63A6E53D27A81A5700992B2C /* XCTest.framework in Frameworks */,
				3990CF81F97672BA93D874F5 /* Pods_App_Core.framework in Frameworks */,
			);
			runOnlyForDeploymentPostprocessing = 0;
		};
		637DA3C9279B64AA007BBB72 /* Frameworks */ = {
			isa = PBXFrameworksBuildPhase;
			buildActionMask = 2147483647;
			files = (
				637DA3CD279B64AA007BBB72 /* Core.framework in Frameworks */,
				01407DE9F2E39D97E53F4CBB /* Pods_CoreTests.framework in Frameworks */,
			);
			runOnlyForDeploymentPostprocessing = 0;
		};
/* End PBXFrameworksBuildPhase section */

/* Begin PBXGroup section */
		637DA3B8279B64A9007BBB72 = {
			isa = PBXGroup;
			children = (
				637DA3C4279B64A9007BBB72 /* Core */,
				637DA3D0279B64AA007BBB72 /* CoreTests */,
				637DA3C3279B64A9007BBB72 /* Products */,
				B3ACC20EE1398DA7D0699330 /* Pods */,
				6B56F4A5B2F004B6323EE3A0 /* Frameworks */,
			);
			sourceTree = "<group>";
		};
		637DA3C3279B64A9007BBB72 /* Products */ = {
			isa = PBXGroup;
			children = (
				637DA3C2279B64A9007BBB72 /* Core.framework */,
				637DA3CC279B64AA007BBB72 /* CoreTests.xctest */,
			);
			name = Products;
			sourceTree = "<group>";
		};
		637DA3C4279B64A9007BBB72 /* Core */ = {
			isa = PBXGroup;
			children = (
				637DA427279B68F2007BBB72 /* Extensions */,
				637DA3C5279B64A9007BBB72 /* Core.h */,
				637DA3C6279B64A9007BBB72 /* Core.docc */,
				634CDFAA27A1259F00225F06 /* CoreSample.swift */,
				63A6E4DE27A4052200992B2C /* AutoMockable.swift */,
			);
			path = Core;
			sourceTree = "<group>";
		};
		637DA3D0279B64AA007BBB72 /* CoreTests */ = {
			isa = PBXGroup;
			children = (
				637DA41E279B6842007BBB72 /* TestsSupport */,
				637DA3D1279B64AA007BBB72 /* CoreTests.swift */,
			);
			path = CoreTests;
			sourceTree = "<group>";
		};
		637DA41E279B6842007BBB72 /* TestsSupport */ = {
			isa = PBXGroup;
			children = (
				637DA41F279B6842007BBB72 /* AutoGenerated */,
			);
			path = TestsSupport;
			sourceTree = "<group>";
		};
		637DA41F279B6842007BBB72 /* AutoGenerated */ = {
			isa = PBXGroup;
			children = (
				637DA420279B6842007BBB72 /* Mock.generated.swift */,
			);
			path = AutoGenerated;
			sourceTree = "<group>";
		};
		637DA427279B68F2007BBB72 /* Extensions */ = {
			isa = PBXGroup;
			children = (
				637DA428279B6904007BBB72 /* NSObjectExtensions.swift */,
				63A6E4E627A5C2C900992B2C /* EncodableExtensions.swift */,
			);
			path = Extensions;
			sourceTree = "<group>";
		};
		6B56F4A5B2F004B6323EE3A0 /* Frameworks */ = {
			isa = PBXGroup;
			children = (
				63A6E53C27A81A5700992B2C /* XCTest.framework */,
				0BA56FCAFACBF4989FAEB0B7 /* Pods_App_Core.framework */,
				3B4CBB39EF3D596713425654 /* Pods_CoreTests.framework */,
			);
			name = Frameworks;
			sourceTree = "<group>";
		};
		B3ACC20EE1398DA7D0699330 /* Pods */ = {
			isa = PBXGroup;
			children = (
				B67EC8820905A03E95A01AB9 /* Pods-App-Core.debug.xcconfig */,
				C688949DEB58BEB4A949E17B /* Pods-App-Core.release.xcconfig */,
				121B4BEE2D8A167A967252E2 /* Pods-CoreTests.debug.xcconfig */,
				34200444240CEFA18E571D4A /* Pods-CoreTests.release.xcconfig */,
			);
			name = Pods;
			path = ../Pods;
			sourceTree = "<group>";
		};
/* End PBXGroup section */

/* Begin PBXHeadersBuildPhase section */
		637DA3BD279B64A9007BBB72 /* Headers */ = {
			isa = PBXHeadersBuildPhase;
			buildActionMask = 2147483647;
			files = (
				637DA3D3279B64AA007BBB72 /* Core.h in Headers */,
			);
			runOnlyForDeploymentPostprocessing = 0;
		};
/* End PBXHeadersBuildPhase section */

/* Begin PBXNativeTarget section */
		637DA3C1279B64A9007BBB72 /* Core */ = {
			isa = PBXNativeTarget;
			buildConfigurationList = 637DA3D6279B64AA007BBB72 /* Build configuration list for PBXNativeTarget "Core" */;
			buildPhases = (
				4AEB8766D55497FB6B72F5F1 /* [CP] Check Pods Manifest.lock */,
				637DA3BD279B64A9007BBB72 /* Headers */,
				637DA417279B672A007BBB72 /* ShellScript */,
				637DA3BE279B64A9007BBB72 /* Sources */,
				637DA3BF279B64A9007BBB72 /* Frameworks */,
				637DA3C0279B64A9007BBB72 /* Resources */,
			);
			buildRules = (
			);
			dependencies = (
			);
			name = Core;
			productName = Core;
			productReference = 637DA3C2279B64A9007BBB72 /* Core.framework */;
			productType = "com.apple.product-type.framework";
		};
		637DA3CB279B64AA007BBB72 /* CoreTests */ = {
			isa = PBXNativeTarget;
			buildConfigurationList = 637DA3D9279B64AA007BBB72 /* Build configuration list for PBXNativeTarget "CoreTests" */;
			buildPhases = (
				C6127A81E8A0019655F7DE68 /* [CP] Check Pods Manifest.lock */,
				637DA3C8279B64AA007BBB72 /* Sources */,
				637DA3C9279B64AA007BBB72 /* Frameworks */,
				637DA3CA279B64AA007BBB72 /* Resources */,
				6DD94586749B8B0D51A725B2 /* [CP] Embed Pods Frameworks */,
			);
			buildRules = (
			);
			dependencies = (
				637DA3CF279B64AA007BBB72 /* PBXTargetDependency */,
			);
			name = CoreTests;
			productName = CoreTests;
			productReference = 637DA3CC279B64AA007BBB72 /* CoreTests.xctest */;
			productType = "com.apple.product-type.bundle.unit-test";
		};
/* End PBXNativeTarget section */

/* Begin PBXProject section */
		637DA3B9279B64A9007BBB72 /* Project object */ = {
			isa = PBXProject;
			attributes = {
				BuildIndependentTargetsInParallel = 1;
				LastSwiftUpdateCheck = 1320;
				LastUpgradeCheck = 1320;
				TargetAttributes = {
					637DA3C1279B64A9007BBB72 = {
						CreatedOnToolsVersion = 13.2.1;
					};
					637DA3CB279B64AA007BBB72 = {
						CreatedOnToolsVersion = 13.2.1;
					};
				};
			};
			buildConfigurationList = 637DA3BC279B64A9007BBB72 /* Build configuration list for PBXProject "Core" */;
			compatibilityVersion = "Xcode 13.0";
			developmentRegion = en;
			hasScannedForEncodings = 0;
			knownRegions = (
				en,
				Base,
			);
			mainGroup = 637DA3B8279B64A9007BBB72;
			productRefGroup = 637DA3C3279B64A9007BBB72 /* Products */;
			projectDirPath = "";
			projectRoot = "";
			targets = (
				637DA3C1279B64A9007BBB72 /* Core */,
				637DA3CB279B64AA007BBB72 /* CoreTests */,
			);
		};
/* End PBXProject section */

/* Begin PBXResourcesBuildPhase section */
		637DA3C0279B64A9007BBB72 /* Resources */ = {
			isa = PBXResourcesBuildPhase;
			buildActionMask = 2147483647;
			files = (
			);
			runOnlyForDeploymentPostprocessing = 0;
		};
		637DA3CA279B64AA007BBB72 /* Resources */ = {
			isa = PBXResourcesBuildPhase;
			buildActionMask = 2147483647;
			files = (
			);
			runOnlyForDeploymentPostprocessing = 0;
		};
/* End PBXResourcesBuildPhase section */

/* Begin PBXShellScriptBuildPhase section */
		4AEB8766D55497FB6B72F5F1 /* [CP] Check Pods Manifest.lock */ = {
			isa = PBXShellScriptBuildPhase;
			buildActionMask = 2147483647;
			files = (
			);
			inputFileListPaths = (
			);
			inputPaths = (
				"${PODS_PODFILE_DIR_PATH}/Podfile.lock",
				"${PODS_ROOT}/Manifest.lock",
			);
			name = "[CP] Check Pods Manifest.lock";
			outputFileListPaths = (
			);
			outputPaths = (
				"$(DERIVED_FILE_DIR)/Pods-App-Core-checkManifestLockResult.txt",
			);
			runOnlyForDeploymentPostprocessing = 0;
			shellPath = /bin/sh;
			shellScript = "diff \"${PODS_PODFILE_DIR_PATH}/Podfile.lock\" \"${PODS_ROOT}/Manifest.lock\" > /dev/null\nif [ $? != 0 ] ; then\n    # print error to STDERR\n    echo \"error: The sandbox is not in sync with the Podfile.lock. Run 'pod install' or update your CocoaPods installation.\" >&2\n    exit 1\nfi\n# This output is used by Xcode 'outputs' to avoid re-running this script phase.\necho \"SUCCESS\" > \"${SCRIPT_OUTPUT_FILE_0}\"\n";
			showEnvVarsInLog = 0;
		};
		637DA417279B672A007BBB72 /* ShellScript */ = {
			isa = PBXShellScriptBuildPhase;
			buildActionMask = 2147483647;
			files = (
			);
			inputFileListPaths = (
			);
			inputPaths = (
			);
			outputFileListPaths = (
			);
			outputPaths = (
			);
			runOnlyForDeploymentPostprocessing = 0;
			shellPath = /bin/sh;
			shellScript = "# Type a script or drag a script file from your workspace to insert its path.\n\"${PODS_ROOT}/SwiftLint/swiftlint\" --fix --config ../.swiftlint.yml\n\"${PODS_ROOT}/SwiftLint/swiftlint\" lint --config ../.swiftlint.yml\n";
		};
		6DD94586749B8B0D51A725B2 /* [CP] Embed Pods Frameworks */ = {
			isa = PBXShellScriptBuildPhase;
			buildActionMask = 2147483647;
			files = (
			);
			inputFileListPaths = (
				"${PODS_ROOT}/Target Support Files/Pods-CoreTests/Pods-CoreTests-frameworks-${CONFIGURATION}-input-files.xcfilelist",
			);
			name = "[CP] Embed Pods Frameworks";
			outputFileListPaths = (
				"${PODS_ROOT}/Target Support Files/Pods-CoreTests/Pods-CoreTests-frameworks-${CONFIGURATION}-output-files.xcfilelist",
			);
			runOnlyForDeploymentPostprocessing = 0;
			shellPath = /bin/sh;
			shellScript = "\"${PODS_ROOT}/Target Support Files/Pods-CoreTests/Pods-CoreTests-frameworks.sh\"\n";
			showEnvVarsInLog = 0;
		};
		C6127A81E8A0019655F7DE68 /* [CP] Check Pods Manifest.lock */ = {
			isa = PBXShellScriptBuildPhase;
			buildActionMask = 2147483647;
			files = (
			);
			inputFileListPaths = (
			);
			inputPaths = (
				"${PODS_PODFILE_DIR_PATH}/Podfile.lock",
				"${PODS_ROOT}/Manifest.lock",
			);
			name = "[CP] Check Pods Manifest.lock";
			outputFileListPaths = (
			);
			outputPaths = (
				"$(DERIVED_FILE_DIR)/Pods-CoreTests-checkManifestLockResult.txt",
			);
			runOnlyForDeploymentPostprocessing = 0;
			shellPath = /bin/sh;
			shellScript = "diff \"${PODS_PODFILE_DIR_PATH}/Podfile.lock\" \"${PODS_ROOT}/Manifest.lock\" > /dev/null\nif [ $? != 0 ] ; then\n    # print error to STDERR\n    echo \"error: The sandbox is not in sync with the Podfile.lock. Run 'pod install' or update your CocoaPods installation.\" >&2\n    exit 1\nfi\n# This output is used by Xcode 'outputs' to avoid re-running this script phase.\necho \"SUCCESS\" > \"${SCRIPT_OUTPUT_FILE_0}\"\n";
			showEnvVarsInLog = 0;
		};
/* End PBXShellScriptBuildPhase section */

/* Begin PBXSourcesBuildPhase section */
		637DA3BE279B64A9007BBB72 /* Sources */ = {
			isa = PBXSourcesBuildPhase;
			buildActionMask = 2147483647;
			files = (
				63A6E4DF27A4052200992B2C /* AutoMockable.swift in Sources */,
				637DA3C7279B64A9007BBB72 /* Core.docc in Sources */,
				637DA429279B6904007BBB72 /* NSObjectExtensions.swift in Sources */,
				634CDFAB27A1259F00225F06 /* CoreSample.swift in Sources */,
				63A6E4E727A5C2C900992B2C /* EncodableExtensions.swift in Sources */,
			);
			runOnlyForDeploymentPostprocessing = 0;
		};
		637DA3C8279B64AA007BBB72 /* Sources */ = {
			isa = PBXSourcesBuildPhase;
			buildActionMask = 2147483647;
			files = (
				637DA421279B6842007BBB72 /* Mock.generated.swift in Sources */,
				637DA3D2279B64AA007BBB72 /* CoreTests.swift in Sources */,
			);
			runOnlyForDeploymentPostprocessing = 0;
		};
/* End PBXSourcesBuildPhase section */

/* Begin PBXTargetDependency section */
		637DA3CF279B64AA007BBB72 /* PBXTargetDependency */ = {
			isa = PBXTargetDependency;
			target = 637DA3C1279B64A9007BBB72 /* Core */;
			targetProxy = 637DA3CE279B64AA007BBB72 /* PBXContainerItemProxy */;
		};
/* End PBXTargetDependency section */

/* Begin XCBuildConfiguration section */
		637DA3D4279B64AA007BBB72 /* Debug */ = {
			isa = XCBuildConfiguration;
			buildSettings = {
				ALWAYS_SEARCH_USER_PATHS = NO;
				CLANG_ANALYZER_NONNULL = YES;
				CLANG_ANALYZER_NUMBER_OBJECT_CONVERSION = YES_AGGRESSIVE;
				CLANG_CXX_LANGUAGE_STANDARD = "gnu++17";
				CLANG_CXX_LIBRARY = "libc++";
				CLANG_ENABLE_MODULES = YES;
				CLANG_ENABLE_OBJC_ARC = YES;
				CLANG_ENABLE_OBJC_WEAK = YES;
				CLANG_WARN_BLOCK_CAPTURE_AUTORELEASING = YES;
				CLANG_WARN_BOOL_CONVERSION = YES;
				CLANG_WARN_COMMA = YES;
				CLANG_WARN_CONSTANT_CONVERSION = YES;
				CLANG_WARN_DEPRECATED_OBJC_IMPLEMENTATIONS = YES;
				CLANG_WARN_DIRECT_OBJC_ISA_USAGE = YES_ERROR;
				CLANG_WARN_DOCUMENTATION_COMMENTS = YES;
				CLANG_WARN_EMPTY_BODY = YES;
				CLANG_WARN_ENUM_CONVERSION = YES;
				CLANG_WARN_INFINITE_RECURSION = YES;
				CLANG_WARN_INT_CONVERSION = YES;
				CLANG_WARN_NON_LITERAL_NULL_CONVERSION = YES;
				CLANG_WARN_OBJC_IMPLICIT_RETAIN_SELF = YES;
				CLANG_WARN_OBJC_LITERAL_CONVERSION = YES;
				CLANG_WARN_OBJC_ROOT_CLASS = YES_ERROR;
				CLANG_WARN_QUOTED_INCLUDE_IN_FRAMEWORK_HEADER = YES;
				CLANG_WARN_RANGE_LOOP_ANALYSIS = YES;
				CLANG_WARN_STRICT_PROTOTYPES = YES;
				CLANG_WARN_SUSPICIOUS_MOVE = YES;
				CLANG_WARN_UNGUARDED_AVAILABILITY = YES_AGGRESSIVE;
				CLANG_WARN_UNREACHABLE_CODE = YES;
				CLANG_WARN__DUPLICATE_METHOD_MATCH = YES;
				COPY_PHASE_STRIP = NO;
				CURRENT_PROJECT_VERSION = 1;
				DEBUG_INFORMATION_FORMAT = dwarf;
				ENABLE_STRICT_OBJC_MSGSEND = YES;
				ENABLE_TESTABILITY = YES;
				GCC_C_LANGUAGE_STANDARD = gnu11;
				GCC_DYNAMIC_NO_PIC = NO;
				GCC_NO_COMMON_BLOCKS = YES;
				GCC_OPTIMIZATION_LEVEL = 0;
				GCC_PREPROCESSOR_DEFINITIONS = (
					"DEBUG=1",
					"$(inherited)",
				);
				GCC_WARN_64_TO_32_BIT_CONVERSION = YES;
				GCC_WARN_ABOUT_RETURN_TYPE = YES_ERROR;
				GCC_WARN_UNDECLARED_SELECTOR = YES;
				GCC_WARN_UNINITIALIZED_AUTOS = YES_AGGRESSIVE;
				GCC_WARN_UNUSED_FUNCTION = YES;
				GCC_WARN_UNUSED_VARIABLE = YES;
				IPHONEOS_DEPLOYMENT_TARGET = 13.0;
				MTL_ENABLE_DEBUG_INFO = INCLUDE_SOURCE;
				MTL_FAST_MATH = YES;
				ONLY_ACTIVE_ARCH = YES;
				SDKROOT = iphoneos;
				SWIFT_ACTIVE_COMPILATION_CONDITIONS = DEBUG;
				SWIFT_OPTIMIZATION_LEVEL = "-Onone";
				VERSIONING_SYSTEM = "apple-generic";
				VERSION_INFO_PREFIX = "";
			};
			name = Debug;
		};
		637DA3D5279B64AA007BBB72 /* Release */ = {
			isa = XCBuildConfiguration;
			buildSettings = {
				ALWAYS_SEARCH_USER_PATHS = NO;
				CLANG_ANALYZER_NONNULL = YES;
				CLANG_ANALYZER_NUMBER_OBJECT_CONVERSION = YES_AGGRESSIVE;
				CLANG_CXX_LANGUAGE_STANDARD = "gnu++17";
				CLANG_CXX_LIBRARY = "libc++";
				CLANG_ENABLE_MODULES = YES;
				CLANG_ENABLE_OBJC_ARC = YES;
				CLANG_ENABLE_OBJC_WEAK = YES;
				CLANG_WARN_BLOCK_CAPTURE_AUTORELEASING = YES;
				CLANG_WARN_BOOL_CONVERSION = YES;
				CLANG_WARN_COMMA = YES;
				CLANG_WARN_CONSTANT_CONVERSION = YES;
				CLANG_WARN_DEPRECATED_OBJC_IMPLEMENTATIONS = YES;
				CLANG_WARN_DIRECT_OBJC_ISA_USAGE = YES_ERROR;
				CLANG_WARN_DOCUMENTATION_COMMENTS = YES;
				CLANG_WARN_EMPTY_BODY = YES;
				CLANG_WARN_ENUM_CONVERSION = YES;
				CLANG_WARN_INFINITE_RECURSION = YES;
				CLANG_WARN_INT_CONVERSION = YES;
				CLANG_WARN_NON_LITERAL_NULL_CONVERSION = YES;
				CLANG_WARN_OBJC_IMPLICIT_RETAIN_SELF = YES;
				CLANG_WARN_OBJC_LITERAL_CONVERSION = YES;
				CLANG_WARN_OBJC_ROOT_CLASS = YES_ERROR;
				CLANG_WARN_QUOTED_INCLUDE_IN_FRAMEWORK_HEADER = YES;
				CLANG_WARN_RANGE_LOOP_ANALYSIS = YES;
				CLANG_WARN_STRICT_PROTOTYPES = YES;
				CLANG_WARN_SUSPICIOUS_MOVE = YES;
				CLANG_WARN_UNGUARDED_AVAILABILITY = YES_AGGRESSIVE;
				CLANG_WARN_UNREACHABLE_CODE = YES;
				CLANG_WARN__DUPLICATE_METHOD_MATCH = YES;
				COPY_PHASE_STRIP = NO;
				CURRENT_PROJECT_VERSION = 1;
				DEBUG_INFORMATION_FORMAT = "dwarf-with-dsym";
				ENABLE_NS_ASSERTIONS = NO;
				ENABLE_STRICT_OBJC_MSGSEND = YES;
				GCC_C_LANGUAGE_STANDARD = gnu11;
				GCC_NO_COMMON_BLOCKS = YES;
				GCC_WARN_64_TO_32_BIT_CONVERSION = YES;
				GCC_WARN_ABOUT_RETURN_TYPE = YES_ERROR;
				GCC_WARN_UNDECLARED_SELECTOR = YES;
				GCC_WARN_UNINITIALIZED_AUTOS = YES_AGGRESSIVE;
				GCC_WARN_UNUSED_FUNCTION = YES;
				GCC_WARN_UNUSED_VARIABLE = YES;
				IPHONEOS_DEPLOYMENT_TARGET = 13.0;
				MTL_ENABLE_DEBUG_INFO = NO;
				MTL_FAST_MATH = YES;
				SDKROOT = iphoneos;
				SWIFT_COMPILATION_MODE = wholemodule;
				SWIFT_OPTIMIZATION_LEVEL = "-O";
				VALIDATE_PRODUCT = YES;
				VERSIONING_SYSTEM = "apple-generic";
				VERSION_INFO_PREFIX = "";
			};
			name = Release;
		};
		637DA3D7279B64AA007BBB72 /* Debug */ = {
			isa = XCBuildConfiguration;
			baseConfigurationReference = B67EC8820905A03E95A01AB9 /* Pods-App-Core.debug.xcconfig */;
			buildSettings = {
				CODE_SIGN_STYLE = Automatic;
				CURRENT_PROJECT_VERSION = 1;
				DEFINES_MODULE = YES;
				DEVELOPMENT_TEAM = L4X5EATXHP;
				DYLIB_COMPATIBILITY_VERSION = 1;
				DYLIB_CURRENT_VERSION = 1;
				DYLIB_INSTALL_NAME_BASE = "@rpath";
				GENERATE_INFOPLIST_FILE = YES;
				INFOPLIST_KEY_NSHumanReadableCopyright = "";
				INSTALL_PATH = "$(LOCAL_LIBRARY_DIR)/Frameworks";
				IPHONEOS_DEPLOYMENT_TARGET = 13.0;
				LD_RUNPATH_SEARCH_PATHS = (
					"$(inherited)",
					"@executable_path/Frameworks",
					"@loader_path/Frameworks",
				);
				MARKETING_VERSION = 1.0;
				PRODUCT_BUNDLE_IDENTIFIER = brkakkaya.Core;
				PRODUCT_NAME = "$(TARGET_NAME:c99extidentifier)";
				SKIP_INSTALL = YES;
				SUPPORTS_MACCATALYST = NO;
				SWIFT_EMIT_LOC_STRINGS = YES;
				SWIFT_VERSION = 5.0;
				TARGETED_DEVICE_FAMILY = "1,2";
			};
			name = Debug;
		};
		637DA3D8279B64AA007BBB72 /* Release */ = {
			isa = XCBuildConfiguration;
			baseConfigurationReference = C688949DEB58BEB4A949E17B /* Pods-App-Core.release.xcconfig */;
			buildSettings = {
				CODE_SIGN_STYLE = Automatic;
				CURRENT_PROJECT_VERSION = 1;
				DEFINES_MODULE = YES;
				DEVELOPMENT_TEAM = L4X5EATXHP;
				DYLIB_COMPATIBILITY_VERSION = 1;
				DYLIB_CURRENT_VERSION = 1;
				DYLIB_INSTALL_NAME_BASE = "@rpath";
				GENERATE_INFOPLIST_FILE = YES;
				INFOPLIST_KEY_NSHumanReadableCopyright = "";
				INSTALL_PATH = "$(LOCAL_LIBRARY_DIR)/Frameworks";
				IPHONEOS_DEPLOYMENT_TARGET = 13.0;
				LD_RUNPATH_SEARCH_PATHS = (
					"$(inherited)",
					"@executable_path/Frameworks",
					"@loader_path/Frameworks",
				);
				MARKETING_VERSION = 1.0;
				PRODUCT_BUNDLE_IDENTIFIER = brkakkaya.Core;
				PRODUCT_NAME = "$(TARGET_NAME:c99extidentifier)";
				SKIP_INSTALL = YES;
				SUPPORTS_MACCATALYST = NO;
				SWIFT_EMIT_LOC_STRINGS = YES;
				SWIFT_VERSION = 5.0;
				TARGETED_DEVICE_FAMILY = "1,2";
			};
			name = Release;
		};
		637DA3DA279B64AA007BBB72 /* Debug */ = {
			isa = XCBuildConfiguration;
			baseConfigurationReference = 121B4BEE2D8A167A967252E2 /* Pods-CoreTests.debug.xcconfig */;
			buildSettings = {
				ALWAYS_EMBED_SWIFT_STANDARD_LIBRARIES = "$(inherited)";
				CODE_SIGN_STYLE = Automatic;
				CURRENT_PROJECT_VERSION = 1;
				DEVELOPMENT_TEAM = L4X5EATXHP;
				GENERATE_INFOPLIST_FILE = YES;
				MARKETING_VERSION = 1.0;
				PRODUCT_BUNDLE_IDENTIFIER = brkakkaya.CoreTests;
				PRODUCT_NAME = "$(TARGET_NAME)";
				SWIFT_EMIT_LOC_STRINGS = NO;
				SWIFT_VERSION = 5.0;
				TARGETED_DEVICE_FAMILY = "1,2";
			};
			name = Debug;
		};
		637DA3DB279B64AA007BBB72 /* Release */ = {
			isa = XCBuildConfiguration;
			baseConfigurationReference = 34200444240CEFA18E571D4A /* Pods-CoreTests.release.xcconfig */;
			buildSettings = {
				ALWAYS_EMBED_SWIFT_STANDARD_LIBRARIES = "$(inherited)";
				CODE_SIGN_STYLE = Automatic;
				CURRENT_PROJECT_VERSION = 1;
				DEVELOPMENT_TEAM = L4X5EATXHP;
				GENERATE_INFOPLIST_FILE = YES;
				MARKETING_VERSION = 1.0;
				PRODUCT_BUNDLE_IDENTIFIER = brkakkaya.CoreTests;
				PRODUCT_NAME = "$(TARGET_NAME)";
				SWIFT_EMIT_LOC_STRINGS = NO;
				SWIFT_VERSION = 5.0;
				TARGETED_DEVICE_FAMILY = "1,2";
			};
			name = Release;
		};
/* End XCBuildConfiguration section */

/* Begin XCConfigurationList section */
		637DA3BC279B64A9007BBB72 /* Build configuration list for PBXProject "Core" */ = {
			isa = XCConfigurationList;
			buildConfigurations = (
				637DA3D4279B64AA007BBB72 /* Debug */,
				637DA3D5279B64AA007BBB72 /* Release */,
			);
			defaultConfigurationIsVisible = 0;
			defaultConfigurationName = Release;
		};
		637DA3D6279B64AA007BBB72 /* Build configuration list for PBXNativeTarget "Core" */ = {
			isa = XCConfigurationList;
			buildConfigurations = (
				637DA3D7279B64AA007BBB72 /* Debug */,
				637DA3D8279B64AA007BBB72 /* Release */,
			);
			defaultConfigurationIsVisible = 0;
			defaultConfigurationName = Release;
		};
		637DA3D9279B64AA007BBB72 /* Build configuration list for PBXNativeTarget "CoreTests" */ = {
			isa = XCConfigurationList;
			buildConfigurations = (
				637DA3DA279B64AA007BBB72 /* Debug */,
				637DA3DB279B64AA007BBB72 /* Release */,
			);
			defaultConfigurationIsVisible = 0;
			defaultConfigurationName = Release;
		};
/* End XCConfigurationList section */
	};
	rootObject = 637DA3B9279B64A9007BBB72 /* Project object */;
}
